
Microsoft Visual Studio Solution File, Format Version 12.00
# Visual Studio Version 17
VisualStudioVersion = 17.5.33414.496
MinimumVisualStudioVersion = 10.0.40219.1
Project("{FAE04EC0-301F-11D3-BF4B-00C04F79EFBC}") = "myDevsA-Book", "myDevsA-Book\myDevsA-Book.csproj", "{E55B8744-C381-4A3C-963B-C008E1C7127A}"
EndProject
Global
	GlobalSection(SolutionConfigurationPlatforms) = preSolution
		Debug|Any CPU = Debug|Any CPU
		Release|Any CPU = Release|Any CPU
	EndGlobalSection
	GlobalSection(ProjectConfigurationPlatforms) = postSolution
		{E55B8744-C381-4A3C-963B-C008E1C7127A}.Debug|Any CPU.ActiveCfg = Debug|Any CPU
		{E55B8744-C381-4A3C-963B-C008E1C7127A}.Debug|Any CPU.Build.0 = Debug|Any CPU
		{E55B8744-C381-4A3C-963B-C008E1C7127A}.Release|Any CPU.ActiveCfg = Release|Any CPU
		{E55B8744-C381-4A3C-963B-C008E1C7127A}.Release|Any CPU.Build.0 = Release|Any CPU
	EndGlobalSection
	GlobalSection(SolutionProperties) = preSolution
		HideSolutionNode = FALSE
	EndGlobalSection
	GlobalSection(ExtensibilityGlobals) = postSolution
		SolutionGuid = {D7633B8C-B90E-48AA-8856-5F46E2F55BE7}
	EndGlobalSection
EndGlobal
